
Microsoft Visual Studio Solution File, Format Version 12.00
# Visual Studio Version 17
VisualStudioVersion = 17.0.31611.283
MinimumVisualStudioVersion = 10.0.40219.1
Project("{9A19103F-16F7-4668-BE54-9A1E7A4F7556}") = "MauiUploadDemo", "MauiUploadDemo\MauiUploadDemo.csproj", "{3FFE0BD0-551B-4D14-9BA7-69445EDF1D17}"
EndProject
Project("{FAE04EC0-301F-11D3-BF4B-00C04F79EFBC}") = "WebApi1", "WebApi1\WebApi1.csproj", "{DF54318E-6DCA-4100-ABF0-BE623B674EB3}"
EndProject
Project("{FAE04EC0-301F-11D3-BF4B-00C04F79EFBC}") = "SharedBetweenWebApiAndMaui", "SharedBetweenWebApiAndMaui\SharedBetweenWebApiAndMaui.csproj", "{C547C18F-CF4F-4696-A5EE-8074113C57DD}"
EndProject
Global
	GlobalSection(SolutionConfigurationPlatforms) = preSolution
		Debug|Any CPU = Debug|Any CPU
		Release|Any CPU = Release|Any CPU
	EndGlobalSection
	GlobalSection(ProjectConfigurationPlatforms) = postSolution
		{3FFE0BD0-551B-4D14-9BA7-69445EDF1D17}.Debug|Any CPU.ActiveCfg = Debug|Any CPU
		{3FFE0BD0-551B-4D14-9BA7-69445EDF1D17}.Debug|Any CPU.Build.0 = Debug|Any CPU
		{3FFE0BD0-551B-4D14-9BA7-69445EDF1D17}.Debug|Any CPU.Deploy.0 = Debug|Any CPU
		{3FFE0BD0-551B-4D14-9BA7-69445EDF1D17}.Release|Any CPU.ActiveCfg = Release|Any CPU
		{3FFE0BD0-551B-4D14-9BA7-69445EDF1D17}.Release|Any CPU.Build.0 = Release|Any CPU
		{3FFE0BD0-551B-4D14-9BA7-69445EDF1D17}.Release|Any CPU.Deploy.0 = Release|Any CPU
		{DF54318E-6DCA-4100-ABF0-BE623B674EB3}.Debug|Any CPU.ActiveCfg = Debug|Any CPU
		{DF54318E-6DCA-4100-ABF0-BE623B674EB3}.Debug|Any CPU.Build.0 = Debug|Any CPU
		{DF54318E-6DCA-4100-ABF0-BE623B674EB3}.Release|Any CPU.ActiveCfg = Release|Any CPU
		{DF54318E-6DCA-4100-ABF0-BE623B674EB3}.Release|Any CPU.Build.0 = Release|Any CPU
		{C547C18F-CF4F-4696-A5EE-8074113C57DD}.Debug|Any CPU.ActiveCfg = Debug|Any CPU
		{C547C18F-CF4F-4696-A5EE-8074113C57DD}.Debug|Any CPU.Build.0 = Debug|Any CPU
		{C547C18F-CF4F-4696-A5EE-8074113C57DD}.Release|Any CPU.ActiveCfg = Release|Any CPU
		{C547C18F-CF4F-4696-A5EE-8074113C57DD}.Release|Any CPU.Build.0 = Release|Any CPU
	EndGlobalSection
	GlobalSection(SolutionProperties) = preSolution
		HideSolutionNode = FALSE
	EndGlobalSection
	GlobalSection(ExtensibilityGlobals) = postSolution
		SolutionGuid = {61F7FB11-1E47-470C-91E2-47F8143E1572}
	EndGlobalSection
EndGlobal
